
Microsoft Visual Studio Solution File, Format Version 12.00
# Visual Studio 15
VisualStudioVersion = 15.0.28307.136
MinimumVisualStudioVersion = 10.0.40219.1
Project("{9A19103F-16F7-4668-BE54-9A1E7A4F7556}") = "FakeDataProcessor", "FakeDataProcessor\FakeDataProcessor.csproj", "{E751B620-A1B1-43CB-BB0F-73CC3EF9970B}"
EndProject
Project("{2150E333-8FDC-42A3-9474-1A3956D46DE8}") = "Solution Items", "Solution Items", "{BD1F1EF6-9E0F-4F94-AB6E-7491A8F047B6}"
	ProjectSection(SolutionItems) = preProject
		Dockerfile = Dockerfile
	EndProjectSection
EndProject
Global
	GlobalSection(SolutionConfigurationPlatforms) = preSolution
		Debug|Any CPU = Debug|Any CPU
		Release|Any CPU = Release|Any CPU
	EndGlobalSection
	GlobalSection(ProjectConfigurationPlatforms) = postSolution
		{E751B620-A1B1-43CB-BB0F-73CC3EF9970B}.Debug|Any CPU.ActiveCfg = Debug|Any CPU
		{E751B620-A1B1-43CB-BB0F-73CC3EF9970B}.Debug|Any CPU.Build.0 = Debug|Any CPU
		{E751B620-A1B1-43CB-BB0F-73CC3EF9970B}.Release|Any CPU.ActiveCfg = Release|Any CPU
		{E751B620-A1B1-43CB-BB0F-73CC3EF9970B}.Release|Any CPU.Build.0 = Release|Any CPU
	EndGlobalSection
	GlobalSection(SolutionProperties) = preSolution
		HideSolutionNode = FALSE
	EndGlobalSection
	GlobalSection(ExtensibilityGlobals) = postSolution
		SolutionGuid = {10055BF6-A45D-4AF0-A44C-D5C028E3230D}
	EndGlobalSection
EndGlobal
